// !$*UTF8*$!
{
	archiveVersion = 1;
	classes = {
	};
	objectVersion = 55;
	objects = {

/* Begin PBXBuildFile section */
		7CEBCC6E27870596007E815F /* AppDelegate.swift in Sources */ = {isa = PBXBuildFile; fileRef = 7CEBCC6D27870596007E815F /* AppDelegate.swift */; };
		7CEBCC7027870596007E815F /* ViewController.swift in Sources */ = {isa = PBXBuildFile; fileRef = 7CEBCC6F27870596007E815F /* ViewController.swift */; };
		7CEBCC7527870596007E815F /* Main.storyboard in Resources */ = {isa = PBXBuildFile; fileRef = 7CEBCC7327870596007E815F /* Main.storyboard */; };
		7CEBCC7727870598007E815F /* Assets.xcassets in Resources */ = {isa = PBXBuildFile; fileRef = 7CEBCC7627870598007E815F /* Assets.xcassets */; };
		7CEBCC7A27870598007E815F /* LaunchScreen.storyboard in Resources */ = {isa = PBXBuildFile; fileRef = 7CEBCC7827870598007E815F /* LaunchScreen.storyboard */; };
		7CEBCC812787071C007E815F /* TinyToyTank.rcproject in Sources */ = {isa = PBXBuildFile; fileRef = 7CEBCC802787071C007E815F /* TinyToyTank.rcproject */; };
		7CEBCC8327870844007E815F /* CannonFire.png in Resources */ = {isa = PBXBuildFile; fileRef = 7CEBCC8227870844007E815F /* CannonFire.png */; };
		7CEBCC852787084D007E815F /* TankForward.png in Resources */ = {isa = PBXBuildFile; fileRef = 7CEBCC842787084D007E815F /* TankForward.png */; };
		7CEBCC8727870852007E815F /* TankLeft.png in Resources */ = {isa = PBXBuildFile; fileRef = 7CEBCC8627870852007E815F /* TankLeft.png */; };
		7CEBCC8B2787085C007E815F /* TankRight.png in Resources */ = {isa = PBXBuildFile; fileRef = 7CEBCC882787085C007E815F /* TankRight.png */; };
		7CEBCC8C2787085C007E815F /* TurretRight.png in Resources */ = {isa = PBXBuildFile; fileRef = 7CEBCC892787085C007E815F /* TurretRight.png */; };
		7CEBCC8D2787085C007E815F /* TurretLeft.png in Resources */ = {isa = PBXBuildFile; fileRef = 7CEBCC8A2787085C007E815F /* TurretLeft.png */; };
/* End PBXBuildFile section */

/* Begin PBXFileReference section */
		7CEBCC6A27870596007E815F /* TinyToyTank.app */ = {isa = PBXFileReference; explicitFileType = wrapper.application; includeInIndex = 0; path = TinyToyTank.app; sourceTree = BUILT_PRODUCTS_DIR; };
		7CEBCC6D27870596007E815F /* AppDelegate.swift */ = {isa = PBXFileReference; lastKnownFileType = sourcecode.swift; path = AppDelegate.swift; sourceTree = "<group>"; };
		7CEBCC6F27870596007E815F /* ViewController.swift */ = {isa = PBXFileReference; lastKnownFileType = sourcecode.swift; path = ViewController.swift; sourceTree = "<group>"; };
		7CEBCC7427870596007E815F /* Base */ = {isa = PBXFileReference; lastKnownFileType = file.storyboard; name = Base; path = Base.lproj/Main.storyboard; sourceTree = "<group>"; };
		7CEBCC7627870598007E815F /* Assets.xcassets */ = {isa = PBXFileReference; lastKnownFileType = folder.assetcatalog; path = Assets.xcassets; sourceTree = "<group>"; };
		7CEBCC7927870598007E815F /* Base */ = {isa = PBXFileReference; lastKnownFileType = file.storyboard; name = Base; path = Base.lproj/LaunchScreen.storyboard; sourceTree = "<group>"; };
		7CEBCC802787071C007E815F /* TinyToyTank.rcproject */ = {isa = PBXFileReference; lastKnownFileType = file.rcproject; name = TinyToyTank.rcproject; path = ../../resources/TinyToyTank.rcproject; sourceTree = "<group>"; };
		7CEBCC8227870844007E815F /* CannonFire.png */ = {isa = PBXFileReference; lastKnownFileType = image.png; name = CannonFire.png; path = ../../resources/Buttons/CannonFire.png; sourceTree = "<group>"; };
		7CEBCC842787084D007E815F /* TankForward.png */ = {isa = PBXFileReference; lastKnownFileType = image.png; name = TankForward.png; path = ../../resources/Buttons/TankForward.png; sourceTree = "<group>"; };
		7CEBCC8627870852007E815F /* TankLeft.png */ = {isa = PBXFileReference; lastKnownFileType = image.png; name = TankLeft.png; path = ../../resources/Buttons/TankLeft.png; sourceTree = "<group>"; };
		7CEBCC882787085C007E815F /* TankRight.png */ = {isa = PBXFileReference; lastKnownFileType = image.png; name = TankRight.png; path = ../../resources/Buttons/TankRight.png; sourceTree = "<group>"; };
		7CEBCC892787085C007E815F /* TurretRight.png */ = {isa = PBXFileReference; lastKnownFileType = image.png; name = TurretRight.png; path = ../../resources/Buttons/TurretRight.png; sourceTree = "<group>"; };
		7CEBCC8A2787085C007E815F /* TurretLeft.png */ = {isa = PBXFileReference; lastKnownFileType = image.png; name = TurretLeft.png; path = ../../resources/Buttons/TurretLeft.png; sourceTree = "<group>"; };
/* End PBXFileReference section */

/* Begin PBXFrameworksBuildPhase section */
		7CEBCC6727870596007E815F /* Frameworks */ = {
			isa = PBXFrameworksBuildPhase;
			buildActionMask = 2147483647;
			files = (
			);
			runOnlyForDeploymentPostprocessing = 0;
		};
/* End PBXFrameworksBuildPhase section */

/* Begin PBXGroup section */
		7CEBCC6127870596007E815F = {
			isa = PBXGroup;
			children = (
				7CEBCC6C27870596007E815F /* TinyToyTank */,
				7CEBCC6B27870596007E815F /* Products */,
			);
			sourceTree = "<group>";
		};
		7CEBCC6B27870596007E815F /* Products */ = {
			isa = PBXGroup;
			children = (
				7CEBCC6A27870596007E815F /* TinyToyTank.app */,
			);
			name = Products;
			sourceTree = "<group>";
		};
		7CEBCC6C27870596007E815F /* TinyToyTank */ = {
			isa = PBXGroup;
			children = (
				7CEBCC802787071C007E815F /* TinyToyTank.rcproject */,
				7CEBCC6D27870596007E815F /* AppDelegate.swift */,
				7CEBCC6F27870596007E815F /* ViewController.swift */,
				7CEBCC7327870596007E815F /* Main.storyboard */,
				7CEBCC8227870844007E815F /* CannonFire.png */,
				7CEBCC8627870852007E815F /* TankLeft.png */,
				7CEBCC842787084D007E815F /* TankForward.png */,
				7CEBCC882787085C007E815F /* TankRight.png */,
				7CEBCC8A2787085C007E815F /* TurretLeft.png */,
				7CEBCC892787085C007E815F /* TurretRight.png */,
				7CEBCC7627870598007E815F /* Assets.xcassets */,
				7CEBCC7827870598007E815F /* LaunchScreen.storyboard */,
			);
			path = TinyToyTank;
			sourceTree = "<group>";
		};
/* End PBXGroup section */

/* Begin PBXNativeTarget section */
		7CEBCC6927870596007E815F /* TinyToyTank */ = {
			isa = PBXNativeTarget;
			buildConfigurationList = 7CEBCC7D27870598007E815F /* Build configuration list for PBXNativeTarget "TinyToyTank" */;
			buildPhases = (
				7CEBCC6627870596007E815F /* Sources */,
				7CEBCC6727870596007E815F /* Frameworks */,
				7CEBCC6827870596007E815F /* Resources */,
			);
			buildRules = (
			);
			dependencies = (
			);
			name = TinyToyTank;
			productName = TinyToyTank;
			productReference = 7CEBCC6A27870596007E815F /* TinyToyTank.app */;
			productType = "com.apple.product-type.application";
		};
/* End PBXNativeTarget section */

/* Begin PBXProject section */
		7CEBCC6227870596007E815F /* Project object */ = {
			isa = PBXProject;
			attributes = {
				BuildIndependentTargetsInParallel = 1;
				LastSwiftUpdateCheck = 1300;
				LastUpgradeCheck = 1300;
				TargetAttributes = {
					7CEBCC6927870596007E815F = {
						CreatedOnToolsVersion = 13.0;
					};
				};
			};
			buildConfigurationList = 7CEBCC6527870596007E815F /* Build configuration list for PBXProject "TinyToyTank" */;
			compatibilityVersion = "Xcode 13.0";
			developmentRegion = en;
			hasScannedForEncodings = 0;
			knownRegions = (
				en,
				Base,
			);
			mainGroup = 7CEBCC6127870596007E815F;
			productRefGroup = 7CEBCC6B27870596007E815F /* Products */;
			projectDirPath = "";
			projectRoot = "";
			targets = (
				7CEBCC6927870596007E815F /* TinyToyTank */,
			);
		};
/* End PBXProject section */

/* Begin PBXResourcesBuildPhase section */
		7CEBCC6827870596007E815F /* Resources */ = {
			isa = PBXResourcesBuildPhase;
			buildActionMask = 2147483647;
			files = (
				7CEBCC852787084D007E815F /* TankForward.png in Resources */,
				7CEBCC8327870844007E815F /* CannonFire.png in Resources */,
				7CEBCC8727870852007E815F /* TankLeft.png in Resources */,
				7CEBCC7A27870598007E815F /* LaunchScreen.storyboard in Resources */,
				7CEBCC7727870598007E815F /* Assets.xcassets in Resources */,
				7CEBCC8D2787085C007E815F /* TurretLeft.png in Resources */,
				7CEBCC8B2787085C007E815F /* TankRight.png in Resources */,
				7CEBCC8C2787085C007E815F /* TurretRight.png in Resources */,
				7CEBCC7527870596007E815F /* Main.storyboard in Resources */,
			);
			runOnlyForDeploymentPostprocessing = 0;
		};
/* End PBXResourcesBuildPhase section */

/* Begin PBXSourcesBuildPhase section */
		7CEBCC6627870596007E815F /* Sources */ = {
			isa = PBXSourcesBuildPhase;
			buildActionMask = 2147483647;
			files = (
				7CEBCC7027870596007E815F /* ViewController.swift in Sources */,
				7CEBCC812787071C007E815F /* TinyToyTank.rcproject in Sources */,
				7CEBCC6E27870596007E815F /* AppDelegate.swift in Sources */,
			);
			runOnlyForDeploymentPostprocessing = 0;
		};
/* End PBXSourcesBuildPhase section */

/* Begin PBXVariantGroup section */
		7CEBCC7327870596007E815F /* Main.storyboard */ = {
			isa = PBXVariantGroup;
			children = (
				7CEBCC7427870596007E815F /* Base */,
			);
			name = Main.storyboard;
			sourceTree = "<group>";
		};
		7CEBCC7827870598007E815F /* LaunchScreen.storyboard */ = {
			isa = PBXVariantGroup;
			children = (
				7CEBCC7927870598007E815F /* Base */,
			);
			name = LaunchScreen.storyboard;
			sourceTree = "<group>";
		};
/* End PBXVariantGroup section */

/* Begin XCBuildConfiguration section */
		7CEBCC7B27870598007E815F /* Debug */ = {
			isa = XCBuildConfiguration;
			buildSettings = {
				ALWAYS_SEARCH_USER_PATHS = NO;
				CLANG_ANALYZER_NONNULL = YES;
				CLANG_ANALYZER_NUMBER_OBJECT_CONVERSION = YES_AGGRESSIVE;
				CLANG_CXX_LANGUAGE_STANDARD = "gnu++17";
				CLANG_CXX_LIBRARY = "libc++";
				CLANG_ENABLE_MODULES = YES;
				CLANG_ENABLE_OBJC_ARC = YES;
				CLANG_ENABLE_OBJC_WEAK = YES;
				CLANG_WARN_BLOCK_CAPTURE_AUTORELEASING = YES;
				CLANG_WARN_BOOL_CONVERSION = YES;
				CLANG_WARN_COMMA = YES;
				CLANG_WARN_CONSTANT_CONVERSION = YES;
				CLANG_WARN_DEPRECATED_OBJC_IMPLEMENTATIONS = YES;
				CLANG_WARN_DIRECT_OBJC_ISA_USAGE = YES_ERROR;
				CLANG_WARN_DOCUMENTATION_COMMENTS = YES;
				CLANG_WARN_EMPTY_BODY = YES;
				CLANG_WARN_ENUM_CONVERSION = YES;
				CLANG_WARN_INFINITE_RECURSION = YES;
				CLANG_WARN_INT_CONVERSION = YES;
				CLANG_WARN_NON_LITERAL_NULL_CONVERSION = YES;
				CLANG_WARN_OBJC_IMPLICIT_RETAIN_SELF = YES;
				CLANG_WARN_OBJC_LITERAL_CONVERSION = YES;
				CLANG_WARN_OBJC_ROOT_CLASS = YES_ERROR;
				CLANG_WARN_QUOTED_INCLUDE_IN_FRAMEWORK_HEADER = YES;
				CLANG_WARN_RANGE_LOOP_ANALYSIS = YES;
				CLANG_WARN_STRICT_PROTOTYPES = YES;
				CLANG_WARN_SUSPICIOUS_MOVE = YES;
				CLANG_WARN_UNGUARDED_AVAILABILITY = YES_AGGRESSIVE;
				CLANG_WARN_UNREACHABLE_CODE = YES;
				CLANG_WARN__DUPLICATE_METHOD_MATCH = YES;
				COPY_PHASE_STRIP = NO;
				DEBUG_INFORMATION_FORMAT = dwarf;
				ENABLE_STRICT_OBJC_MSGSEND = YES;
				ENABLE_TESTABILITY = YES;
				GCC_C_LANGUAGE_STANDARD = gnu11;
				GCC_DYNAMIC_NO_PIC = NO;
				GCC_NO_COMMON_BLOCKS = YES;
				GCC_OPTIMIZATION_LEVEL = 0;
				GCC_PREPROCESSOR_DEFINITIONS = (
					"DEBUG=1",
					"$(inherited)",
				);
				GCC_WARN_64_TO_32_BIT_CONVERSION = YES;
				GCC_WARN_ABOUT_RETURN_TYPE = YES_ERROR;
				GCC_WARN_UNDECLARED_SELECTOR = YES;
				GCC_WARN_UNINITIALIZED_AUTOS = YES_AGGRESSIVE;
				GCC_WARN_UNUSED_FUNCTION = YES;
				GCC_WARN_UNUSED_VARIABLE = YES;
				IPHONEOS_DEPLOYMENT_TARGET = 15.0;
				MTL_ENABLE_DEBUG_INFO = INCLUDE_SOURCE;
				MTL_FAST_MATH = YES;
				ONLY_ACTIVE_ARCH = YES;
				SDKROOT = iphoneos;
				SWIFT_ACTIVE_COMPILATION_CONDITIONS = DEBUG;
				SWIFT_OPTIMIZATION_LEVEL = "-Onone";
			};
			name = Debug;
		};
		7CEBCC7C27870598007E815F /* Release */ = {
			isa = XCBuildConfiguration;
			buildSettings = {
				ALWAYS_SEARCH_USER_PATHS = NO;
				CLANG_ANALYZER_NONNULL = YES;
				CLANG_ANALYZER_NUMBER_OBJECT_CONVERSION = YES_AGGRESSIVE;
				CLANG_CXX_LANGUAGE_STANDARD = "gnu++17";
				CLANG_CXX_LIBRARY = "libc++";
				CLANG_ENABLE_MODULES = YES;
				CLANG_ENABLE_OBJC_ARC = YES;
				CLANG_ENABLE_OBJC_WEAK = YES;
				CLANG_WARN_BLOCK_CAPTURE_AUTORELEASING = YES;
				CLANG_WARN_BOOL_CONVERSION = YES;
				CLANG_WARN_COMMA = YES;
				CLANG_WARN_CONSTANT_CONVERSION = YES;
				CLANG_WARN_DEPRECATED_OBJC_IMPLEMENTATIONS = YES;
				CLANG_WARN_DIRECT_OBJC_ISA_USAGE = YES_ERROR;
				CLANG_WARN_DOCUMENTATION_COMMENTS = YES;
				CLANG_WARN_EMPTY_BODY = YES;
				CLANG_WARN_ENUM_CONVERSION = YES;
				CLANG_WARN_INFINITE_RECURSION = YES;
				CLANG_WARN_INT_CONVERSION = YES;
				CLANG_WARN_NON_LITERAL_NULL_CONVERSION = YES;
				CLANG_WARN_OBJC_IMPLICIT_RETAIN_SELF = YES;
				CLANG_WARN_OBJC_LITERAL_CONVERSION = YES;
				CLANG_WARN_OBJC_ROOT_CLASS = YES_ERROR;
				CLANG_WARN_QUOTED_INCLUDE_IN_FRAMEWORK_HEADER = YES;
				CLANG_WARN_RANGE_LOOP_ANALYSIS = YES;
				CLANG_WARN_STRICT_PROTOTYPES = YES;
				CLANG_WARN_SUSPICIOUS_MOVE = YES;
				CLANG_WARN_UNGUARDED_AVAILABILITY = YES_AGGRESSIVE;
				CLANG_WARN_UNREACHABLE_CODE = YES;
				CLANG_WARN__DUPLICATE_METHOD_MATCH = YES;
				COPY_PHASE_STRIP = NO;
				DEBUG_INFORMATION_FORMAT = "dwarf-with-dsym";
				ENABLE_NS_ASSERTIONS = NO;
				ENABLE_STRICT_OBJC_MSGSEND = YES;
				GCC_C_LANGUAGE_STANDARD = gnu11;
				GCC_NO_COMMON_BLOCKS = YES;
				GCC_WARN_64_TO_32_BIT_CONVERSION = YES;
				GCC_WARN_ABOUT_RETURN_TYPE = YES_ERROR;
				GCC_WARN_UNDECLARED_SELECTOR = YES;
				GCC_WARN_UNINITIALIZED_AUTOS = YES_AGGRESSIVE;
				GCC_WARN_UNUSED_FUNCTION = YES;
				GCC_WARN_UNUSED_VARIABLE = YES;
				IPHONEOS_DEPLOYMENT_TARGET = 15.0;
				MTL_ENABLE_DEBUG_INFO = NO;
				MTL_FAST_MATH = YES;
				SDKROOT = iphoneos;
				SWIFT_COMPILATION_MODE = wholemodule;
				SWIFT_OPTIMIZATION_LEVEL = "-O";
				VALIDATE_PRODUCT = YES;
			};
			name = Release;
		};
		7CEBCC7E27870598007E815F /* Debug */ = {
			isa = XCBuildConfiguration;
			buildSettings = {
				ASSETCATALOG_COMPILER_APPICON_NAME = AppIcon;
				ASSETCATALOG_COMPILER_GLOBAL_ACCENT_COLOR_NAME = AccentColor;
				CODE_SIGN_STYLE = Automatic;
				CURRENT_PROJECT_VERSION = 1;
				DEVELOPMENT_TEAM = 254S5DFDDX;
				GENERATE_INFOPLIST_FILE = YES;
				INFOPLIST_KEY_NSCameraUsageDescription = "AR experience requires access to Camera";
				INFOPLIST_KEY_UIApplicationSupportsIndirectInputEvents = YES;
				INFOPLIST_KEY_UILaunchStoryboardName = LaunchScreen;
				INFOPLIST_KEY_UIMainStoryboardFile = Main;
				INFOPLIST_KEY_UIRequiredDeviceCapabilities = arkit;
				INFOPLIST_KEY_UIStatusBarHidden = YES;
				INFOPLIST_KEY_UISupportedInterfaceOrientations_iPad = "UIInterfaceOrientationPortrait UIInterfaceOrientationPortraitUpsideDown UIInterfaceOrientationLandscapeLeft UIInterfaceOrientationLandscapeRight";
				INFOPLIST_KEY_UISupportedInterfaceOrientations_iPhone = "UIInterfaceOrientationPortrait UIInterfaceOrientationLandscapeLeft UIInterfaceOrientationLandscapeRight";
				LD_RUNPATH_SEARCH_PATHS = (
					"$(inherited)",
					"@executable_path/Frameworks",
				);
				MARKETING_VERSION = 1.0;
				PRODUCT_BUNDLE_IDENTIFIER = com.nju.direction;
				PRODUCT_NAME = "$(TARGET_NAME)";
				SWIFT_EMIT_LOC_STRINGS = YES;
				SWIFT_VERSION = 5.0;
				TARGETED_DEVICE_FAMILY = "1,2";
			};
			name = Debug;
		};
		7CEBCC7F27870598007E815F /* Release */ = {
			isa = XCBuildConfiguration;
			buildSettings = {
				ASSETCATALOG_COMPILER_APPICON_NAME = AppIcon;
				ASSETCATALOG_COMPILER_GLOBAL_ACCENT_COLOR_NAME = AccentColor;
				CODE_SIGN_STYLE = Automatic;
				CURRENT_PROJECT_VERSION = 1;
				DEVELOPMENT_TEAM = 254S5DFDDX;
				GENERATE_INFOPLIST_FILE = YES;
				INFOPLIST_KEY_NSCameraUsageDescription = "AR experience requires access to Camera";
				INFOPLIST_KEY_UIApplicationSupportsIndirectInputEvents = YES;
				INFOPLIST_KEY_UILaunchStoryboardName = LaunchScreen;
				INFOPLIST_KEY_UIMainStoryboardFile = Main;
				INFOPLIST_KEY_UIRequiredDeviceCapabilities = arkit;
				INFOPLIST_KEY_UIStatusBarHidden = YES;
				INFOPLIST_KEY_UISupportedInterfaceOrientations_iPad = "UIInterfaceOrientationPortrait UIInterfaceOrientationPortraitUpsideDown UIInterfaceOrientationLandscapeLeft UIInterfaceOrientationLandscapeRight";
				INFOPLIST_KEY_UISupportedInterfaceOrientations_iPhone = "UIInterfaceOrientationPortrait UIInterfaceOrientationLandscapeLeft UIInterfaceOrientationLandscapeRight";
				LD_RUNPATH_SEARCH_PATHS = (
					"$(inherited)",
					"@executable_path/Frameworks",
				);
				MARKETING_VERSION = 1.0;
				PRODUCT_BUNDLE_IDENTIFIER = com.nju.direction;
				PRODUCT_NAME = "$(TARGET_NAME)";
				SWIFT_EMIT_LOC_STRINGS = YES;
				SWIFT_VERSION = 5.0;
				TARGETED_DEVICE_FAMILY = "1,2";
			};
			name = Release;
		};
/* End XCBuildConfiguration section */

/* Begin XCConfigurationList section */
		7CEBCC6527870596007E815F /* Build configuration list for PBXProject "TinyToyTank" */ = {
			isa = XCConfigurationList;
			buildConfigurations = (
				7CEBCC7B27870598007E815F /* Debug */,
				7CEBCC7C27870598007E815F /* Release */,
			);
			defaultConfigurationIsVisible = 0;
			defaultConfigurationName = Release;
		};
		7CEBCC7D27870598007E815F /* Build configuration list for PBXNativeTarget "TinyToyTank" */ = {
			isa = XCConfigurationList;
			buildConfigurations = (
				7CEBCC7E27870598007E815F /* Debug */,
				7CEBCC7F27870598007E815F /* Release */,
			);
			defaultConfigurationIsVisible = 0;
			defaultConfigurationName = Release;
		};
/* End XCConfigurationList section */
	};
	rootObject = 7CEBCC6227870596007E815F /* Project object */;
}
